
Microsoft Visual Studio Solution File, Format Version 12.00
# Visual Studio Version 17
VisualStudioVersion = 17.14.36301.6
MinimumVisualStudioVersion = 10.0.40219.1
Project("{FAE04EC0-301F-11D3-BF4B-00C04F79EFBC}") = "Eclipse360", "Eclipse360\Eclipse360.csproj", "{EAEC5308-E5E6-4E03-8FF0-9E4FE9F56ADB}"
EndProject
Project("{FAE04EC0-301F-11D3-BF4B-00C04F79EFBC}") = "Eclipse360.Client", "Eclipse360.Client\Eclipse360.Client.csproj", "{320CBDE7-028B-49CF-976A-F8C17EA4529A}"
EndProject
Global
	GlobalSection(SolutionConfigurationPlatforms) = preSolution
		Debug|Any CPU = Debug|Any CPU
		Release|Any CPU = Release|Any CPU
	EndGlobalSection
	GlobalSection(ProjectConfigurationPlatforms) = postSolution
		{EAEC5308-E5E6-4E03-8FF0-9E4FE9F56ADB}.Debug|Any CPU.ActiveCfg = Debug|Any CPU
		{EAEC5308-E5E6-4E03-8FF0-9E4FE9F56ADB}.Debug|Any CPU.Build.0 = Debug|Any CPU
		{EAEC5308-E5E6-4E03-8FF0-9E4FE9F56ADB}.Release|Any CPU.ActiveCfg = Release|Any CPU
		{EAEC5308-E5E6-4E03-8FF0-9E4FE9F56ADB}.Release|Any CPU.Build.0 = Release|Any CPU
		{320CBDE7-028B-49CF-976A-F8C17EA4529A}.Debug|Any CPU.ActiveCfg = Debug|Any CPU
		{320CBDE7-028B-49CF-976A-F8C17EA4529A}.Debug|Any CPU.Build.0 = Debug|Any CPU
		{320CBDE7-028B-49CF-976A-F8C17EA4529A}.Release|Any CPU.ActiveCfg = Release|Any CPU
		{320CBDE7-028B-49CF-976A-F8C17EA4529A}.Release|Any CPU.Build.0 = Release|Any CPU
	EndGlobalSection
	GlobalSection(SolutionProperties) = preSolution
		HideSolutionNode = FALSE
	EndGlobalSection
	GlobalSection(ExtensibilityGlobals) = postSolution
		SolutionGuid = {B2AB9DAE-E4FD-4F8F-B9EF-3D7CAE7F8F49}
	EndGlobalSection
EndGlobal
